// !$*UTF8*$!
{
	archiveVersion = 1;
	classes = {
	};
	objectVersion = 55;
	objects = {

/* Begin PBXBuildFile section */
		B0BB9063277A7D6900E75B6D /* AppDelegate.m in Sources */ = {isa = PBXBuildFile; fileRef = B0BB9062277A7D6900E75B6D /* AppDelegate.m */; };
		B0BB9066277A7D6900E75B6D /* SceneDelegate.m in Sources */ = {isa = PBXBuildFile; fileRef = B0BB9065277A7D6900E75B6D /* SceneDelegate.m */; };
		B0BB9069277A7D6900E75B6D /* ViewController.m in Sources */ = {isa = PBXBuildFile; fileRef = B0BB9068277A7D6900E75B6D /* ViewController.m */; };
		B0BB906C277A7D6900E75B6D /* Main.storyboard in Resources */ = {isa = PBXBuildFile; fileRef = B0BB906A277A7D6900E75B6D /* Main.storyboard */; };
		B0BB906E277A7D6B00E75B6D /* Assets.xcassets in Resources */ = {isa = PBXBuildFile; fileRef = B0BB906D277A7D6B00E75B6D /* Assets.xcassets */; };
		B0BB9071277A7D6B00E75B6D /* LaunchScreen.storyboard in Resources */ = {isa = PBXBuildFile; fileRef = B0BB906F277A7D6B00E75B6D /* LaunchScreen.storyboard */; };
		B0BB9074277A7D6B00E75B6D /* main.m in Sources */ = {isa = PBXBuildFile; fileRef = B0BB9073277A7D6B00E75B6D /* main.m */; };
		B0BB907B277A98E800E75B6D /* libbuttermilk in Resources */ = {isa = PBXBuildFile; fileRef = B0BB907A277A98E700E75B6D /* libbuttermilk */; };
/* End PBXBuildFile section */

/* Begin PBXFileReference section */
		B0BB905E277A7D6900E75B6D /* Buttermilk.app */ = {isa = PBXFileReference; explicitFileType = wrapper.application; includeInIndex = 0; path = Buttermilk.app; sourceTree = BUILT_PRODUCTS_DIR; };
		B0BB9061277A7D6900E75B6D /* AppDelegate.h */ = {isa = PBXFileReference; lastKnownFileType = sourcecode.c.h; path = AppDelegate.h; sourceTree = "<group>"; };
		B0BB9062277A7D6900E75B6D /* AppDelegate.m */ = {isa = PBXFileReference; lastKnownFileType = sourcecode.c.objc; path = AppDelegate.m; sourceTree = "<group>"; };
		B0BB9064277A7D6900E75B6D /* SceneDelegate.h */ = {isa = PBXFileReference; lastKnownFileType = sourcecode.c.h; path = SceneDelegate.h; sourceTree = "<group>"; };
		B0BB9065277A7D6900E75B6D /* SceneDelegate.m */ = {isa = PBXFileReference; lastKnownFileType = sourcecode.c.objc; path = SceneDelegate.m; sourceTree = "<group>"; };
		B0BB9067277A7D6900E75B6D /* ViewController.h */ = {isa = PBXFileReference; lastKnownFileType = sourcecode.c.h; path = ViewController.h; sourceTree = "<group>"; };
		B0BB9068277A7D6900E75B6D /* ViewController.m */ = {isa = PBXFileReference; lastKnownFileType = sourcecode.c.objc; path = ViewController.m; sourceTree = "<group>"; };
		B0BB906B277A7D6900E75B6D /* Base */ = {isa = PBXFileReference; lastKnownFileType = file.storyboard; name = Base; path = Base.lproj/Main.storyboard; sourceTree = "<group>"; };
		B0BB906D277A7D6B00E75B6D /* Assets.xcassets */ = {isa = PBXFileReference; lastKnownFileType = folder.assetcatalog; path = Assets.xcassets; sourceTree = "<group>"; };
		B0BB9070277A7D6B00E75B6D /* Base */ = {isa = PBXFileReference; lastKnownFileType = file.storyboard; name = Base; path = Base.lproj/LaunchScreen.storyboard; sourceTree = "<group>"; };
		B0BB9072277A7D6B00E75B6D /* Info.plist */ = {isa = PBXFileReference; lastKnownFileType = text.plist.xml; path = Info.plist; sourceTree = "<group>"; };
		B0BB9073277A7D6B00E75B6D /* main.m */ = {isa = PBXFileReference; lastKnownFileType = sourcecode.c.objc; path = main.m; sourceTree = "<group>"; };
		B0BB907A277A98E700E75B6D /* libbuttermilk */ = {isa = PBXFileReference; lastKnownFileType = folder; name = libbuttermilk; path = ../../../../Downloads/libbuttermilk; sourceTree = "<group>"; };
		B0BB907E277BEAB900E75B6D /* Buttermilk.entitlements */ = {isa = PBXFileReference; lastKnownFileType = text.plist.entitlements; path = Buttermilk.entitlements; sourceTree = "<group>"; };
/* End PBXFileReference section */

/* Begin PBXFrameworksBuildPhase section */
		B0BB905B277A7D6900E75B6D /* Frameworks */ = {
			isa = PBXFrameworksBuildPhase;
			buildActionMask = 2147483647;
			files = (
			);
			runOnlyForDeploymentPostprocessing = 0;
		};
/* End PBXFrameworksBuildPhase section */

/* Begin PBXGroup section */
		B0BB9055277A7D6900E75B6D = {
			isa = PBXGroup;
			children = (
				B0BB9060277A7D6900E75B6D /* Buttermilk */,
				B0BB905F277A7D6900E75B6D /* Products */,
			);
			sourceTree = "<group>";
		};
		B0BB905F277A7D6900E75B6D /* Products */ = {
			isa = PBXGroup;
			children = (
				B0BB905E277A7D6900E75B6D /* Buttermilk.app */,
			);
			name = Products;
			sourceTree = "<group>";
		};
		B0BB9060277A7D6900E75B6D /* Buttermilk */ = {
			isa = PBXGroup;
			children = (
				B0BB907E277BEAB900E75B6D /* Buttermilk.entitlements */,
				B0BB9061277A7D6900E75B6D /* AppDelegate.h */,
				B0BB9062277A7D6900E75B6D /* AppDelegate.m */,
				B0BB9064277A7D6900E75B6D /* SceneDelegate.h */,
				B0BB9065277A7D6900E75B6D /* SceneDelegate.m */,
				B0BB9067277A7D6900E75B6D /* ViewController.h */,
				B0BB9068277A7D6900E75B6D /* ViewController.m */,
				B0BB906A277A7D6900E75B6D /* Main.storyboard */,
				B0BB906D277A7D6B00E75B6D /* Assets.xcassets */,
				B0BB906F277A7D6B00E75B6D /* LaunchScreen.storyboard */,
				B0BB9072277A7D6B00E75B6D /* Info.plist */,
				B0BB9073277A7D6B00E75B6D /* main.m */,
				B0BB907A277A98E700E75B6D /* libbuttermilk */,
			);
			path = Buttermilk;
			sourceTree = "<group>";
		};
/* End PBXGroup section */

/* Begin PBXNativeTarget section */
		B0BB905D277A7D6900E75B6D /* Buttermilk */ = {
			isa = PBXNativeTarget;
			buildConfigurationList = B0BB9077277A7D6B00E75B6D /* Build configuration list for PBXNativeTarget "Buttermilk" */;
			buildPhases = (
				B0BB905A277A7D6900E75B6D /* Sources */,
				B0BB905B277A7D6900E75B6D /* Frameworks */,
				B0BB905C277A7D6900E75B6D /* Resources */,
			);
			buildRules = (
			);
			dependencies = (
			);
			name = Buttermilk;
			productName = Buttermilk;
			productReference = B0BB905E277A7D6900E75B6D /* Buttermilk.app */;
			productType = "com.apple.product-type.application";
		};
/* End PBXNativeTarget section */

/* Begin PBXProject section */
		B0BB9056277A7D6900E75B6D /* Project object */ = {
			isa = PBXProject;
			attributes = {
				BuildIndependentTargetsInParallel = 1;
				LastUpgradeCheck = 1310;
				TargetAttributes = {
					B0BB905D277A7D6900E75B6D = {
						CreatedOnToolsVersion = 13.1;
					};
				};
			};
			buildConfigurationList = B0BB9059277A7D6900E75B6D /* Build configuration list for PBXProject "Buttermilk" */;
			compatibilityVersion = "Xcode 13.0";
			developmentRegion = en;
			hasScannedForEncodings = 0;
			knownRegions = (
				en,
				Base,
			);
			mainGroup = B0BB9055277A7D6900E75B6D;
			productRefGroup = B0BB905F277A7D6900E75B6D /* Products */;
			projectDirPath = "";
			projectRoot = "";
			targets = (
				B0BB905D277A7D6900E75B6D /* Buttermilk */,
			);
		};
/* End PBXProject section */

/* Begin PBXResourcesBuildPhase section */
		B0BB905C277A7D6900E75B6D /* Resources */ = {
			isa = PBXResourcesBuildPhase;
			buildActionMask = 2147483647;
			files = (
				B0BB9071277A7D6B00E75B6D /* LaunchScreen.storyboard in Resources */,
				B0BB906E277A7D6B00E75B6D /* Assets.xcassets in Resources */,
				B0BB906C277A7D6900E75B6D /* Main.storyboard in Resources */,
				B0BB907B277A98E800E75B6D /* libbuttermilk in Resources */,
			);
			runOnlyForDeploymentPostprocessing = 0;
		};
/* End PBXResourcesBuildPhase section */

/* Begin PBXSourcesBuildPhase section */
		B0BB905A277A7D6900E75B6D /* Sources */ = {
			isa = PBXSourcesBuildPhase;
			buildActionMask = 2147483647;
			files = (
				B0BB9069277A7D6900E75B6D /* ViewController.m in Sources */,
				B0BB9063277A7D6900E75B6D /* AppDelegate.m in Sources */,
				B0BB9074277A7D6B00E75B6D /* main.m in Sources */,
				B0BB9066277A7D6900E75B6D /* SceneDelegate.m in Sources */,
			);
			runOnlyForDeploymentPostprocessing = 0;
		};
/* End PBXSourcesBuildPhase section */

/* Begin PBXVariantGroup section */
		B0BB906A277A7D6900E75B6D /* Main.storyboard */ = {
			isa = PBXVariantGroup;
			children = (
				B0BB906B277A7D6900E75B6D /* Base */,
			);
			name = Main.storyboard;
			sourceTree = "<group>";
		};
		B0BB906F277A7D6B00E75B6D /* LaunchScreen.storyboard */ = {
			isa = PBXVariantGroup;
			children = (
				B0BB9070277A7D6B00E75B6D /* Base */,
			);
			name = LaunchScreen.storyboard;
			sourceTree = "<group>";
		};
/* End PBXVariantGroup section */

/* Begin XCBuildConfiguration section */
		B0BB9075277A7D6B00E75B6D /* Debug */ = {
			isa = XCBuildConfiguration;
			buildSettings = {
				ALWAYS_SEARCH_USER_PATHS = NO;
				CLANG_ANALYZER_NONNULL = YES;
				CLANG_ANALYZER_NUMBER_OBJECT_CONVERSION = YES_AGGRESSIVE;
				CLANG_CXX_LANGUAGE_STANDARD = "gnu++17";
				CLANG_CXX_LIBRARY = "libc++";
				CLANG_ENABLE_MODULES = YES;
				CLANG_ENABLE_OBJC_ARC = YES;
				CLANG_ENABLE_OBJC_WEAK = YES;
				CLANG_WARN_BLOCK_CAPTURE_AUTORELEASING = YES;
				CLANG_WARN_BOOL_CONVERSION = YES;
				CLANG_WARN_COMMA = YES;
				CLANG_WARN_CONSTANT_CONVERSION = YES;
				CLANG_WARN_DEPRECATED_OBJC_IMPLEMENTATIONS = YES;
				CLANG_WARN_DIRECT_OBJC_ISA_USAGE = YES_ERROR;
				CLANG_WARN_DOCUMENTATION_COMMENTS = YES;
				CLANG_WARN_EMPTY_BODY = YES;
				CLANG_WARN_ENUM_CONVERSION = YES;
				CLANG_WARN_INFINITE_RECURSION = YES;
				CLANG_WARN_INT_CONVERSION = YES;
				CLANG_WARN_NON_LITERAL_NULL_CONVERSION = YES;
				CLANG_WARN_OBJC_IMPLICIT_RETAIN_SELF = YES;
				CLANG_WARN_OBJC_LITERAL_CONVERSION = YES;
				CLANG_WARN_OBJC_ROOT_CLASS = YES_ERROR;
				CLANG_WARN_QUOTED_INCLUDE_IN_FRAMEWORK_HEADER = YES;
				CLANG_WARN_RANGE_LOOP_ANALYSIS = YES;
				CLANG_WARN_STRICT_PROTOTYPES = YES;
				CLANG_WARN_SUSPICIOUS_MOVE = YES;
				CLANG_WARN_UNGUARDED_AVAILABILITY = YES_AGGRESSIVE;
				CLANG_WARN_UNREACHABLE_CODE = YES;
				CLANG_WARN__DUPLICATE_METHOD_MATCH = YES;
				COPY_PHASE_STRIP = NO;
				DEBUG_INFORMATION_FORMAT = dwarf;
				ENABLE_STRICT_OBJC_MSGSEND = YES;
				ENABLE_TESTABILITY = YES;
				GCC_C_LANGUAGE_STANDARD = gnu11;
				GCC_DYNAMIC_NO_PIC = NO;
				GCC_NO_COMMON_BLOCKS = YES;
				GCC_OPTIMIZATION_LEVEL = 0;
				GCC_PREPROCESSOR_DEFINITIONS = (
					"DEBUG=1",
					"$(inherited)",
				);
				GCC_WARN_64_TO_32_BIT_CONVERSION = YES;
				GCC_WARN_ABOUT_RETURN_TYPE = YES_ERROR;
				GCC_WARN_UNDECLARED_SELECTOR = YES;
				GCC_WARN_UNINITIALIZED_AUTOS = YES_AGGRESSIVE;
				GCC_WARN_UNUSED_FUNCTION = YES;
				GCC_WARN_UNUSED_VARIABLE = YES;
				IPHONEOS_DEPLOYMENT_TARGET = 15.0;
				MTL_ENABLE_DEBUG_INFO = INCLUDE_SOURCE;
				MTL_FAST_MATH = YES;
				ONLY_ACTIVE_ARCH = YES;
				SDKROOT = iphoneos;
			};
			name = Debug;
		};
		B0BB9076277A7D6B00E75B6D /* Release */ = {
			isa = XCBuildConfiguration;
			buildSettings = {
				ALWAYS_SEARCH_USER_PATHS = NO;
				CLANG_ANALYZER_NONNULL = YES;
				CLANG_ANALYZER_NUMBER_OBJECT_CONVERSION = YES_AGGRESSIVE;
				CLANG_CXX_LANGUAGE_STANDARD = "gnu++17";
				CLANG_CXX_LIBRARY = "libc++";
				CLANG_ENABLE_MODULES = YES;
				CLANG_ENABLE_OBJC_ARC = YES;
				CLANG_ENABLE_OBJC_WEAK = YES;
				CLANG_WARN_BLOCK_CAPTURE_AUTORELEASING = YES;
				CLANG_WARN_BOOL_CONVERSION = YES;
				CLANG_WARN_COMMA = YES;
				CLANG_WARN_CONSTANT_CONVERSION = YES;
				CLANG_WARN_DEPRECATED_OBJC_IMPLEMENTATIONS = YES;
				CLANG_WARN_DIRECT_OBJC_ISA_USAGE = YES_ERROR;
				CLANG_WARN_DOCUMENTATION_COMMENTS = YES;
				CLANG_WARN_EMPTY_BODY = YES;
				CLANG_WARN_ENUM_CONVERSION = YES;
				CLANG_WARN_INFINITE_RECURSION = YES;
				CLANG_WARN_INT_CONVERSION = YES;
				CLANG_WARN_NON_LITERAL_NULL_CONVERSION = YES;
				CLANG_WARN_OBJC_IMPLICIT_RETAIN_SELF = YES;
				CLANG_WARN_OBJC_LITERAL_CONVERSION = YES;
				CLANG_WARN_OBJC_ROOT_CLASS = YES_ERROR;
				CLANG_WARN_QUOTED_INCLUDE_IN_FRAMEWORK_HEADER = YES;
				CLANG_WARN_RANGE_LOOP_ANALYSIS = YES;
				CLANG_WARN_STRICT_PROTOTYPES = YES;
				CLANG_WARN_SUSPICIOUS_MOVE = YES;
				CLANG_WARN_UNGUARDED_AVAILABILITY = YES_AGGRESSIVE;
				CLANG_WARN_UNREACHABLE_CODE = YES;
				CLANG_WARN__DUPLICATE_METHOD_MATCH = YES;
				COPY_PHASE_STRIP = NO;
				DEBUG_INFORMATION_FORMAT = "dwarf-with-dsym";
				ENABLE_NS_ASSERTIONS = NO;
				ENABLE_STRICT_OBJC_MSGSEND = YES;
				GCC_C_LANGUAGE_STANDARD = gnu11;
				GCC_NO_COMMON_BLOCKS = YES;
				GCC_WARN_64_TO_32_BIT_CONVERSION = YES;
				GCC_WARN_ABOUT_RETURN_TYPE = YES_ERROR;
				GCC_WARN_UNDECLARED_SELECTOR = YES;
				GCC_WARN_UNINITIALIZED_AUTOS = YES_AGGRESSIVE;
				GCC_WARN_UNUSED_FUNCTION = YES;
				GCC_WARN_UNUSED_VARIABLE = YES;
				IPHONEOS_DEPLOYMENT_TARGET = 15.0;
				MTL_ENABLE_DEBUG_INFO = NO;
				MTL_FAST_MATH = YES;
				SDKROOT = iphoneos;
				VALIDATE_PRODUCT = YES;
			};
			name = Release;
		};
		B0BB9078277A7D6B00E75B6D /* Debug */ = {
			isa = XCBuildConfiguration;
			buildSettings = {
				ASSETCATALOG_COMPILER_APPICON_NAME = AppIcon;
				ASSETCATALOG_COMPILER_GLOBAL_ACCENT_COLOR_NAME = AccentColor;
				CODE_SIGN_ENTITLEMENTS = Buttermilk/Buttermilk.entitlements;
				CODE_SIGN_STYLE = Automatic;
				CURRENT_PROJECT_VERSION = 1;
				DEVELOPMENT_TEAM = RR5WP5NG77;
				GENERATE_INFOPLIST_FILE = YES;
				INFOPLIST_FILE = Buttermilk/Info.plist;
				INFOPLIST_KEY_UIApplicationSupportsIndirectInputEvents = YES;
				INFOPLIST_KEY_UILaunchStoryboardName = LaunchScreen;
				INFOPLIST_KEY_UIMainStoryboardFile = Main;
				INFOPLIST_KEY_UISupportedInterfaceOrientations_iPad = "UIInterfaceOrientationPortrait UIInterfaceOrientationPortraitUpsideDown UIInterfaceOrientationLandscapeLeft UIInterfaceOrientationLandscapeRight";
				INFOPLIST_KEY_UISupportedInterfaceOrientations_iPhone = "UIInterfaceOrientationPortrait UIInterfaceOrientationLandscapeLeft UIInterfaceOrientationLandscapeRight";
				IPHONEOS_DEPLOYMENT_TARGET = 13.0;
				LD_RUNPATH_SEARCH_PATHS = (
					"$(inherited)",
					"@executable_path/Frameworks",
				);
				MARKETING_VERSION = "0.0.3~2";
				PRODUCT_BUNDLE_IDENTIFIER = com.zachary7829.Buttermilk;
				PRODUCT_NAME = "$(TARGET_NAME)";
				SUPPORTS_MACCATALYST = YES;
				SWIFT_EMIT_LOC_STRINGS = YES;
				TARGETED_DEVICE_FAMILY = "1,2";
			};
			name = Debug;
		};
		B0BB9079277A7D6B00E75B6D /* Release */ = {
			isa = XCBuildConfiguration;
			buildSettings = {
				ASSETCATALOG_COMPILER_APPICON_NAME = AppIcon;
				ASSETCATALOG_COMPILER_GLOBAL_ACCENT_COLOR_NAME = AccentColor;
				CODE_SIGN_ENTITLEMENTS = Buttermilk/Buttermilk.entitlements;
				CODE_SIGN_STYLE = Automatic;
				CURRENT_PROJECT_VERSION = 1;
				DEVELOPMENT_TEAM = RR5WP5NG77;
				GENERATE_INFOPLIST_FILE = YES;
				INFOPLIST_FILE = Buttermilk/Info.plist;
				INFOPLIST_KEY_UIApplicationSupportsIndirectInputEvents = YES;
				INFOPLIST_KEY_UILaunchStoryboardName = LaunchScreen;
				INFOPLIST_KEY_UIMainStoryboardFile = Main;
				INFOPLIST_KEY_UISupportedInterfaceOrientations_iPad = "UIInterfaceOrientationPortrait UIInterfaceOrientationPortraitUpsideDown UIInterfaceOrientationLandscapeLeft UIInterfaceOrientationLandscapeRight";
				INFOPLIST_KEY_UISupportedInterfaceOrientations_iPhone = "UIInterfaceOrientationPortrait UIInterfaceOrientationLandscapeLeft UIInterfaceOrientationLandscapeRight";
				IPHONEOS_DEPLOYMENT_TARGET = 13.0;
				LD_RUNPATH_SEARCH_PATHS = (
					"$(inherited)",
					"@executable_path/Frameworks",
				);
				MARKETING_VERSION = "0.0.3~2";
				PRODUCT_BUNDLE_IDENTIFIER = com.zachary7829.Buttermilk;
				PRODUCT_NAME = "$(TARGET_NAME)";
				SUPPORTS_MACCATALYST = YES;
				SWIFT_EMIT_LOC_STRINGS = YES;
				TARGETED_DEVICE_FAMILY = "1,2";
			};
			name = Release;
		};
/* End XCBuildConfiguration section */

/* Begin XCConfigurationList section */
		B0BB9059277A7D6900E75B6D /* Build configuration list for PBXProject "Buttermilk" */ = {
			isa = XCConfigurationList;
			buildConfigurations = (
				B0BB9075277A7D6B00E75B6D /* Debug */,
				B0BB9076277A7D6B00E75B6D /* Release */,
			);
			defaultConfigurationIsVisible = 0;
			defaultConfigurationName = Release;
		};
		B0BB9077277A7D6B00E75B6D /* Build configuration list for PBXNativeTarget "Buttermilk" */ = {
			isa = XCConfigurationList;
			buildConfigurations = (
				B0BB9078277A7D6B00E75B6D /* Debug */,
				B0BB9079277A7D6B00E75B6D /* Release */,
			);
			defaultConfigurationIsVisible = 0;
			defaultConfigurationName = Release;
		};
/* End XCConfigurationList section */
	};
	rootObject = B0BB9056277A7D6900E75B6D /* Project object */;
}
